
Microsoft Visual Studio Solution File, Format Version 12.00
# Visual Studio 15
VisualStudioVersion = 15.0.28307.271
MinimumVisualStudioVersion = 10.0.40219.1
Project("{888888A0-9F3D-457C-B088-3A5042F75D52}") = "PythonApplicationtest", "PythonApplicationtest\PythonApplicationtest.pyproj", "{76306884-3D06-4872-8468-2355FB918651}"
EndProject
Global
	GlobalSection(SolutionConfigurationPlatforms) = preSolution
		Debug|Any CPU = Debug|Any CPU
		Release|Any CPU = Release|Any CPU
	EndGlobalSection
	GlobalSection(ProjectConfigurationPlatforms) = postSolution
		{76306884-3D06-4872-8468-2355FB918651}.Debug|Any CPU.ActiveCfg = Debug|Any CPU
		{76306884-3D06-4872-8468-2355FB918651}.Release|Any CPU.ActiveCfg = Release|Any CPU
	EndGlobalSection
	GlobalSection(SolutionProperties) = preSolution
		HideSolutionNode = FALSE
	EndGlobalSection
	GlobalSection(ExtensibilityGlobals) = postSolution
		SolutionGuid = {8E9B9F62-CFC0-46DA-8B3E-D7294B8416B7}
	EndGlobalSection
EndGlobal
