
Microsoft Visual Studio Solution File, Format Version 12.00
# Visual Studio Version 16
VisualStudioVersion = 16.0.28729.10
MinimumVisualStudioVersion = 10.0.40219.1
Project("{888888A0-9F3D-457C-B088-3A5042F75D52}") = "fashionMNIST", "fashionMNIST.pyproj", "{8F9225E0-388D-4EB1-A540-8EBA13C7A924}"
EndProject
Global
	GlobalSection(SolutionConfigurationPlatforms) = preSolution
		Debug|Any CPU = Debug|Any CPU
		Release|Any CPU = Release|Any CPU
	EndGlobalSection
	GlobalSection(ProjectConfigurationPlatforms) = postSolution
		{8F9225E0-388D-4EB1-A540-8EBA13C7A924}.Debug|Any CPU.ActiveCfg = Debug|Any CPU
		{8F9225E0-388D-4EB1-A540-8EBA13C7A924}.Release|Any CPU.ActiveCfg = Release|Any CPU
	EndGlobalSection
	GlobalSection(SolutionProperties) = preSolution
		HideSolutionNode = FALSE
	EndGlobalSection
	GlobalSection(ExtensibilityGlobals) = postSolution
		SolutionGuid = {EE3BDC7C-1FF2-4298-AC73-7F73373A6731}
	EndGlobalSection
EndGlobal
